
Microsoft Visual Studio Solution File, Format Version 12.00
# Visual Studio Version 16
VisualStudioVersion = 16.0.31410.357
MinimumVisualStudioVersion = 10.0.40219.1
Project("{FAE04EC0-301F-11D3-BF4B-00C04F79EFBC}") = "ASC Cutlist Editor", "ASC Cutlist Editor\ASC Cutlist Editor.csproj", "{33583BA6-B53D-496A-8080-06381AE7BBE6}"
EndProject
Global
	GlobalSection(SolutionConfigurationPlatforms) = preSolution
		Debug|Any CPU = Debug|Any CPU
		Release|Any CPU = Release|Any CPU
	EndGlobalSection
	GlobalSection(ProjectConfigurationPlatforms) = postSolution
		{33583BA6-B53D-496A-8080-06381AE7BBE6}.Debug|Any CPU.ActiveCfg = Debug|Any CPU
		{33583BA6-B53D-496A-8080-06381AE7BBE6}.Debug|Any CPU.Build.0 = Debug|Any CPU
		{33583BA6-B53D-496A-8080-06381AE7BBE6}.Release|Any CPU.ActiveCfg = Release|Any CPU
		{33583BA6-B53D-496A-8080-06381AE7BBE6}.Release|Any CPU.Build.0 = Release|Any CPU
	EndGlobalSection
	GlobalSection(SolutionProperties) = preSolution
		HideSolutionNode = FALSE
	EndGlobalSection
	GlobalSection(ExtensibilityGlobals) = postSolution
		SolutionGuid = {C8DA8534-758B-4EF4-847B-0AA940972104}
	EndGlobalSection
EndGlobal
